// !$*UTF8*$!
{
	archiveVersion = 1;
	classes = {
	};
	objectVersion = 45;
	objects = {

/* Begin PBXBuildFile section */
		02014A1D1396680000C9C02C /* AtomFeed.m in Sources */ = {isa = PBXBuildFile; fileRef = 02014A1C1396680000C9C02C /* AtomFeed.m */; };
		0203D7C010358BCE005E98F4 /* Entitlements.plist in Resources */ = {isa = PBXBuildFile; fileRef = 0203D7BF10358BCE005E98F4 /* Entitlements.plist */; };
		0206812813B0BF43002F1B0F /* ProjectAddViewController.m in Sources */ = {isa = PBXBuildFile; fileRef = 0206812713B0BF43002F1B0F /* ProjectAddViewController.m */; };
		022130A3138D0E7900558495 /* libextThree20XML.a in Frameworks */ = {isa = PBXBuildFile; fileRef = 0221309D138D0E6200558495 /* libextThree20XML.a */; };
		022130E4138D463100558495 /* NSURLProtectionSpaceAdditions.m in Sources */ = {isa = PBXBuildFile; fileRef = 022130E3138D463100558495 /* NSURLProtectionSpaceAdditions.m */; };
		0222E7EF0F8D3D5000445AAD /* AccountAddViewController.m in Sources */ = {isa = PBXBuildFile; fileRef = 0222E7EE0F8D3D5000445AAD /* AccountAddViewController.m */; };
		0231286210BEE1310097675F /* Localizable.strings in Resources */ = {isa = PBXBuildFile; fileRef = 0231286110BEE1310097675F /* Localizable.strings */; };
		0231293410BEF65E0097675F /* Reachability.m in Sources */ = {isa = PBXBuildFile; fileRef = 0231293310BEF65E0097675F /* Reachability.m */; };
		0231294110BEF6A50097675F /* CFNetwork.framework in Frameworks */ = {isa = PBXBuildFile; fileRef = 0231294010BEF6A50097675F /* CFNetwork.framework */; };
		0231295A10BEF6CF0097675F /* Security.framework in Frameworks */ = {isa = PBXBuildFile; fileRef = 0231295910BEF6CF0097675F /* Security.framework */; };
		0231297110BEF76F0097675F /* libz.1.2.3.dylib in Frameworks */ = {isa = PBXBuildFile; fileRef = 0231297010BEF76F0097675F /* libz.1.2.3.dylib */; };
		023218E20F94DE2100A95381 /* ProjectViewController.m in Sources */ = {isa = PBXBuildFile; fileRef = 023218E10F94DE2100A95381 /* ProjectViewController.m */; };
		023DE6D21353233700C8285F /* Changelog.txt in Resources */ = {isa = PBXBuildFile; fileRef = 023DE6D11353233700C8285F /* Changelog.txt */; };
		02434FCC1030847600C62C58 /* Default.png in Resources */ = {isa = PBXBuildFile; fileRef = 02434FCB1030847600C62C58 /* Default.png */; };
		024FDE9E10C676EB001FD4CD /* NSStringAdditions.m in Sources */ = {isa = PBXBuildFile; fileRef = 024FDE9D10C676EB001FD4CD /* NSStringAdditions.m */; };
		0252E06410CD3E36003881B2 /* AccountView.xib in Resources */ = {isa = PBXBuildFile; fileRef = 0252E06310CD3E36003881B2 /* AccountView.xib */; };
		0252E07710CD4913003881B2 /* CSRegex.m in Sources */ = {isa = PBXBuildFile; fileRef = 0252E07610CD4913003881B2 /* CSRegex.m */; };
		026A372B11A34849003A6F9A /* ASIAuthenticationDialog.m in Sources */ = {isa = PBXBuildFile; fileRef = 026A371D11A34849003A6F9A /* ASIAuthenticationDialog.m */; };
		026A372C11A34849003A6F9A /* ASIFormDataRequest.m in Sources */ = {isa = PBXBuildFile; fileRef = 026A371F11A34849003A6F9A /* ASIFormDataRequest.m */; };
		026A372D11A34849003A6F9A /* ASIHTTPRequest.m in Sources */ = {isa = PBXBuildFile; fileRef = 026A372111A34849003A6F9A /* ASIHTTPRequest.m */; };
		026A373011A34849003A6F9A /* ASINSStringAdditions.m in Sources */ = {isa = PBXBuildFile; fileRef = 026A372911A34849003A6F9A /* ASINSStringAdditions.m */; };
		026A373711A34871003A6F9A /* TFHpple.m in Sources */ = {isa = PBXBuildFile; fileRef = 026A373211A34871003A6F9A /* TFHpple.m */; };
		026A373811A34871003A6F9A /* TFHppleElement.m in Sources */ = {isa = PBXBuildFile; fileRef = 026A373411A34871003A6F9A /* TFHppleElement.m */; };
		026A373911A34871003A6F9A /* XPathQuery.m in Sources */ = {isa = PBXBuildFile; fileRef = 026A373611A34871003A6F9A /* XPathQuery.m */; };
		026A376111A34C11003A6F9A /* ASINetworkQueue.m in Sources */ = {isa = PBXBuildFile; fileRef = 026A376011A34C11003A6F9A /* ASINetworkQueue.m */; };
		026A377411A34FA7003A6F9A /* ASIInputStream.m in Sources */ = {isa = PBXBuildFile; fileRef = 026A377311A34FA7003A6F9A /* ASIInputStream.m */; };
		027898091349E50C00F678AB /* StoreKit.framework in Frameworks */ = {isa = PBXBuildFile; fileRef = 027898081349E50C00F678AB /* StoreKit.framework */; };
		0278982C1349E91700F678AB /* iRedmineStyleSheet.m in Sources */ = {isa = PBXBuildFile; fileRef = 0278982B1349E91700F678AB /* iRedmineStyleSheet.m */; };
		0278ED5C0F9E40CA000E8EED /* AccountViewController.m in Sources */ = {isa = PBXBuildFile; fileRef = 0278ED5B0F9E40CA000E8EED /* AccountViewController.m */; };
		02899D951393DE8400C013FE /* Account.m in Sources */ = {isa = PBXBuildFile; fileRef = 02899D941393DE8400C013FE /* Account.m */; };
		02899E1A1393F70E00C013FE /* NSURLAdditions.m in Sources */ = {isa = PBXBuildFile; fileRef = 02899E191393F70E00C013FE /* NSURLAdditions.m */; };
		028CFEFA12AD3AFF003FEC85 /* feature@2x.png in Resources */ = {isa = PBXBuildFile; fileRef = 028CFEF912AD3AFF003FEC85 /* feature@2x.png */; };
		028CFEFC12AD3B0B003FEC85 /* revision@2x.png in Resources */ = {isa = PBXBuildFile; fileRef = 028CFEFB12AD3B0B003FEC85 /* revision@2x.png */; };
		028CFEFE12AD3B13003FEC85 /* error@2x.png in Resources */ = {isa = PBXBuildFile; fileRef = 028CFEFD12AD3B13003FEC85 /* error@2x.png */; };
		028CFF0012AD3B1A003FEC85 /* support@2x.png in Resources */ = {isa = PBXBuildFile; fileRef = 028CFEFF12AD3B1A003FEC85 /* support@2x.png */; };
		028CFF0B12AD3C9C003FEC85 /* feature.png in Resources */ = {isa = PBXBuildFile; fileRef = 028CFF0A12AD3C9C003FEC85 /* feature.png */; };
		028CFF0D12AD3CA4003FEC85 /* revision.png in Resources */ = {isa = PBXBuildFile; fileRef = 028CFF0C12AD3CA4003FEC85 /* revision.png */; };
		028CFF1112AD3CB4003FEC85 /* support.png in Resources */ = {isa = PBXBuildFile; fileRef = 028CFF1012AD3CB4003FEC85 /* support.png */; };
		028CFF1312AD3CBA003FEC85 /* error.png in Resources */ = {isa = PBXBuildFile; fileRef = 028CFF1212AD3CBA003FEC85 /* error.png */; };
		02936956134B23AC00DF334F /* IssueTableController.m in Sources */ = {isa = PBXBuildFile; fileRef = 02936955134B23AC00DF334F /* IssueTableController.m */; };
		02936A79134B5A5200DF334F /* BaseViewController.m in Sources */ = {isa = PBXBuildFile; fileRef = 02936A78134B5A5200DF334F /* BaseViewController.m */; };
		02936AF4134B66C500DF334F /* BaseTableViewController.m in Sources */ = {isa = PBXBuildFile; fileRef = 02936AF3134B66C500DF334F /* BaseTableViewController.m */; };
		02936B18134B689B00DF334F /* IssueAddViewController.m in Sources */ = {isa = PBXBuildFile; fileRef = 02936B17134B689B00DF334F /* IssueAddViewController.m */; };
		02937CB810738AE30069E480 /* SystemConfiguration.framework in Frameworks */ = {isa = PBXBuildFile; fileRef = 02937CB710738AE30069E480 /* SystemConfiguration.framework */; };
		02A154461349C03F007A061B /* Three20.bundle in Resources */ = {isa = PBXBuildFile; fileRef = 02A154451349C03F007A061B /* Three20.bundle */; };
		02A154D61349C139007A061B /* libThree20.a in Frameworks */ = {isa = PBXBuildFile; fileRef = 02A1549C1349C04F007A061B /* libThree20.a */; };
		02A154D71349C139007A061B /* libThree20Core.a in Frameworks */ = {isa = PBXBuildFile; fileRef = 02A154A51349C058007A061B /* libThree20Core.a */; };
		02A154D81349C13A007A061B /* libThree20Network.a in Frameworks */ = {isa = PBXBuildFile; fileRef = 02A154AE1349C060007A061B /* libThree20Network.a */; };
		02A154D91349C13B007A061B /* libThree20Style.a in Frameworks */ = {isa = PBXBuildFile; fileRef = 02A154B71349C068007A061B /* libThree20Style.a */; };
		02A154DA1349C13C007A061B /* libThree20UI.a in Frameworks */ = {isa = PBXBuildFile; fileRef = 02A154C01349C071007A061B /* libThree20UI.a */; };
		02A154DB1349C13D007A061B /* libThree20UICommon.a in Frameworks */ = {isa = PBXBuildFile; fileRef = 02A154C91349C079007A061B /* libThree20UICommon.a */; };
		02A154DC1349C13F007A061B /* libThree20UINavigator.a in Frameworks */ = {isa = PBXBuildFile; fileRef = 02A154D21349C082007A061B /* libThree20UINavigator.a */; };
		02A154F61349C16D007A061B /* QuartzCore.framework in Frameworks */ = {isa = PBXBuildFile; fileRef = 02A154F51349C16D007A061B /* QuartzCore.framework */; };
		02A8B04C0F98D6830077AB7F /* Icon.png in Resources */ = {isa = PBXBuildFile; fileRef = 02A8B04B0F98D6830077AB7F /* Icon.png */; };
		02C7769F11B6B1C900F10BC3 /* Login.m in Sources */ = {isa = PBXBuildFile; fileRef = 02C7769E11B6B1C900F10BC3 /* Login.m */; };
		02C777D011B6FC7000F10BC3 /* libxml2.2.7.3.dylib in Frameworks */ = {isa = PBXBuildFile; fileRef = 02C777CF11B6FC7000F10BC3 /* libxml2.2.7.3.dylib */; };
		02CD7AAE12A56C2100841B5A /* iAd.framework in Frameworks */ = {isa = PBXBuildFile; fileRef = 02CD7AAD12A56C2100841B5A /* iAd.framework */; };
		02D86C590F8E75F400EB1658 /* NSDateAdditions.m in Sources */ = {isa = PBXBuildFile; fileRef = 02D86C580F8E75F400EB1658 /* NSDateAdditions.m */; };
		02E18E4A138BB84200639A5D /* RESTRequest.m in Sources */ = {isa = PBXBuildFile; fileRef = 02E18E49138BB84200639A5D /* RESTRequest.m */; };
		02EB33201358AC8E00B18895 /* StoreViewController.m in Sources */ = {isa = PBXBuildFile; fileRef = 02EB331F1358AC8E00B18895 /* StoreViewController.m */; };
		02F6D4F1134DBC6B00154008 /* AccountsDataSource.m in Sources */ = {isa = PBXBuildFile; fileRef = 02F6D4F0134DBC6B00154008 /* AccountsDataSource.m */; };
		02F6D79C134E0A0D00154008 /* AccountEditViewController.m in Sources */ = {isa = PBXBuildFile; fileRef = 02F6D79B134E0A0D00154008 /* AccountEditViewController.m */; };
		1D3623260D0F684500981E51 /* iRedmineAppDelegate.m in Sources */ = {isa = PBXBuildFile; fileRef = 1D3623250D0F684500981E51 /* iRedmineAppDelegate.m */; };
		1D60589B0D05DD56006BFB54 /* main.m in Sources */ = {isa = PBXBuildFile; fileRef = 29B97316FDCFA39411CA2CEA /* main.m */; };
		1D60589F0D05DD5A006BFB54 /* Foundation.framework in Frameworks */ = {isa = PBXBuildFile; fileRef = 1D30AB110D05D00D00671497 /* Foundation.framework */; };
		1DF5F4E00D08C38300B7A737 /* UIKit.framework in Frameworks */ = {isa = PBXBuildFile; fileRef = 1DF5F4DF0D08C38300B7A737 /* UIKit.framework */; };
		2892E4100DC94CBA00A64D0F /* CoreGraphics.framework in Frameworks */ = {isa = PBXBuildFile; fileRef = 2892E40F0DC94CBA00A64D0F /* CoreGraphics.framework */; };
		28C286E10D94DF7D0034E888 /* AccountsViewController.m in Sources */ = {isa = PBXBuildFile; fileRef = 28C286E00D94DF7D0034E888 /* AccountsViewController.m */; };
		F8FAA3B512A40C390001996C /* Default@2x.png in Resources */ = {isa = PBXBuildFile; fileRef = F8FAA3A712A40C390001996C /* Default@2x.png */; };
		F8FAA3BB12A40C390001996C /* Icon@2x.png in Resources */ = {isa = PBXBuildFile; fileRef = F8FAA3AD12A40C390001996C /* Icon@2x.png */; };
/* End PBXBuildFile section */

/* Begin PBXContainerItemProxy section */
		0221309C138D0E6200558495 /* PBXContainerItemProxy */ = {
			isa = PBXContainerItemProxy;
			containerPortal = 02213092138D0E6200558495 /* extThree20XML.xcodeproj */;
			proxyType = 2;
			remoteGlobalIDString = BEF31F3A0F352DF5000DE5D2;
			remoteInfo = extThree20XML;
		};
		0221309E138D0E6200558495 /* PBXContainerItemProxy */ = {
			isa = PBXContainerItemProxy;
			containerPortal = 02213092138D0E6200558495 /* extThree20XML.xcodeproj */;
			proxyType = 2;
			remoteGlobalIDString = EB9E6C6210B6A8F800DE563C;
			remoteInfo = extThree20XMLUnitTests;
		};
		022130A6138D0E8900558495 /* PBXContainerItemProxy */ = {
			isa = PBXContainerItemProxy;
			containerPortal = 02213092138D0E6200558495 /* extThree20XML.xcodeproj */;
			proxyType = 1;
			remoteGlobalIDString = BEF31F390F352DF5000DE5D2;
			remoteInfo = extThree20XML;
		};
		02A1549B1349C04F007A061B /* PBXContainerItemProxy */ = {
			isa = PBXContainerItemProxy;
			containerPortal = 02A154701349C04F007A061B /* Three20.xcodeproj */;
			proxyType = 2;
			remoteGlobalIDString = BEF31F3A0F352DF5000DE5D2;
			remoteInfo = Three20;
		};
		02A1549D1349C04F007A061B /* PBXContainerItemProxy */ = {
			isa = PBXContainerItemProxy;
			containerPortal = 02A154701349C04F007A061B /* Three20.xcodeproj */;
			proxyType = 2;
			remoteGlobalIDString = EB9E6C6210B6A8F800DE563C;
			remoteInfo = UnitTests;
		};
		02A154A41349C058007A061B /* PBXContainerItemProxy */ = {
			isa = PBXContainerItemProxy;
			containerPortal = 02A1549F1349C058007A061B /* Three20Core.xcodeproj */;
			proxyType = 2;
			remoteGlobalIDString = BEF31F3A0F352DF5000DE5D2;
			remoteInfo = Three20Core;
		};
		02A154A61349C058007A061B /* PBXContainerItemProxy */ = {
			isa = PBXContainerItemProxy;
			containerPortal = 02A1549F1349C058007A061B /* Three20Core.xcodeproj */;
			proxyType = 2;
			remoteGlobalIDString = EB9E6C6210B6A8F800DE563C;
			remoteInfo = UnitTests;
		};
		02A154AD1349C060007A061B /* PBXContainerItemProxy */ = {
			isa = PBXContainerItemProxy;
			containerPortal = 02A154A81349C060007A061B /* Three20Network.xcodeproj */;
			proxyType = 2;
			remoteGlobalIDString = BEF31F3A0F352DF5000DE5D2;
			remoteInfo = Three20Network;
		};
		02A154AF1349C060007A061B /* PBXContainerItemProxy */ = {
			isa = PBXContainerItemProxy;
			containerPortal = 02A154A81349C060007A061B /* Three20Network.xcodeproj */;
			proxyType = 2;
			remoteGlobalIDString = EB9E6C6210B6A8F800DE563C;
			remoteInfo = UnitTests;
		};
		02A154B61349C068007A061B /* PBXContainerItemProxy */ = {
			isa = PBXContainerItemProxy;
			containerPortal = 02A154B11349C068007A061B /* Three20Style.xcodeproj */;
			proxyType = 2;
			remoteGlobalIDString = BEF31F3A0F352DF5000DE5D2;
			remoteInfo = Three20Style;
		};
		02A154B81349C068007A061B /* PBXContainerItemProxy */ = {
			isa = PBXContainerItemProxy;
			containerPortal = 02A154B11349C068007A061B /* Three20Style.xcodeproj */;
			proxyType = 2;
			remoteGlobalIDString = EB9E6C6210B6A8F800DE563C;
			remoteInfo = UnitTests;
		};
		02A154BF1349C071007A061B /* PBXContainerItemProxy */ = {
			isa = PBXContainerItemProxy;
			containerPortal = 02A154BA1349C071007A061B /* Three20UI.xcodeproj */;
			proxyType = 2;
			remoteGlobalIDString = BEF31F3A0F352DF5000DE5D2;
			remoteInfo = Three20UI;
		};
		02A154C11349C071007A061B /* PBXContainerItemProxy */ = {
			isa = PBXContainerItemProxy;
			containerPortal = 02A154BA1349C071007A061B /* Three20UI.xcodeproj */;
			proxyType = 2;
			remoteGlobalIDString = EB9E6C6210B6A8F800DE563C;
			remoteInfo = UnitTests;
		};
		02A154C81349C079007A061B /* PBXContainerItemProxy */ = {
			isa = PBXContainerItemProxy;
			containerPortal = 02A154C31349C079007A061B /* Three20UICommon.xcodeproj */;
			proxyType = 2;
			remoteGlobalIDString = BEF31F3A0F352DF5000DE5D2;
			remoteInfo = Three20UICommon;
		};
		02A154CA1349C079007A061B /* PBXContainerItemProxy */ = {
			isa = PBXContainerItemProxy;
			containerPortal = 02A154C31349C079007A061B /* Three20UICommon.xcodeproj */;
			proxyType = 2;
			remoteGlobalIDString = EB9E6C6210B6A8F800DE563C;
			remoteInfo = UnitTests;
		};
		02A154D11349C082007A061B /* PBXContainerItemProxy */ = {
			isa = PBXContainerItemProxy;
			containerPortal = 02A154CC1349C082007A061B /* Three20UINavigator.xcodeproj */;
			proxyType = 2;
			remoteGlobalIDString = BEF31F3A0F352DF5000DE5D2;
			remoteInfo = Three20UINavigator;
		};
		02A154D31349C082007A061B /* PBXContainerItemProxy */ = {
			isa = PBXContainerItemProxy;
			containerPortal = 02A154CC1349C082007A061B /* Three20UINavigator.xcodeproj */;
			proxyType = 2;
			remoteGlobalIDString = EB9E6C6210B6A8F800DE563C;
			remoteInfo = UnitTests;
		};
		02A154DF1349C155007A061B /* PBXContainerItemProxy */ = {
			isa = PBXContainerItemProxy;
			containerPortal = 02A154BA1349C071007A061B /* Three20UI.xcodeproj */;
			proxyType = 1;
			remoteGlobalIDString = BEF31F390F352DF5000DE5D2;
			remoteInfo = Three20UI;
		};
		02A154E11349C155007A061B /* PBXContainerItemProxy */ = {
			isa = PBXContainerItemProxy;
			containerPortal = 02A1549F1349C058007A061B /* Three20Core.xcodeproj */;
			proxyType = 1;
			remoteGlobalIDString = BEF31F390F352DF5000DE5D2;
			remoteInfo = Three20Core;
		};
		02A154E31349C155007A061B /* PBXContainerItemProxy */ = {
			isa = PBXContainerItemProxy;
			containerPortal = 02A154B11349C068007A061B /* Three20Style.xcodeproj */;
			proxyType = 1;
			remoteGlobalIDString = BEF31F390F352DF5000DE5D2;
			remoteInfo = Three20Style;
		};
		02A154E51349C155007A061B /* PBXContainerItemProxy */ = {
			isa = PBXContainerItemProxy;
			containerPortal = 02A154CC1349C082007A061B /* Three20UINavigator.xcodeproj */;
			proxyType = 1;
			remoteGlobalIDString = BEF31F390F352DF5000DE5D2;
			remoteInfo = Three20UINavigator;
		};
		02A154E71349C155007A061B /* PBXContainerItemProxy */ = {
			isa = PBXContainerItemProxy;
			containerPortal = 02A154C31349C079007A061B /* Three20UICommon.xcodeproj */;
			proxyType = 1;
			remoteGlobalIDString = BEF31F390F352DF5000DE5D2;
			remoteInfo = Three20UICommon;
		};
		02A154E91349C155007A061B /* PBXContainerItemProxy */ = {
			isa = PBXContainerItemProxy;
			containerPortal = 02A154A81349C060007A061B /* Three20Network.xcodeproj */;
			proxyType = 1;
			remoteGlobalIDString = BEF31F390F352DF5000DE5D2;
			remoteInfo = Three20Network;
		};
		02A154EB1349C155007A061B /* PBXContainerItemProxy */ = {
			isa = PBXContainerItemProxy;
			containerPortal = 02A154701349C04F007A061B /* Three20.xcodeproj */;
			proxyType = 1;
			remoteGlobalIDString = BEF31F390F352DF5000DE5D2;
			remoteInfo = Three20;
		};
/* End PBXContainerItemProxy section */

/* Begin PBXFileReference section */
		02014A1B1396680000C9C02C /* AtomFeed.h */ = {isa = PBXFileReference; fileEncoding = 4; lastKnownFileType = sourcecode.c.h; path = AtomFeed.h; sourceTree = "<group>"; };
		02014A1C1396680000C9C02C /* AtomFeed.m */ = {isa = PBXFileReference; fileEncoding = 4; lastKnownFileType = sourcecode.c.objc; path = AtomFeed.m; sourceTree = "<group>"; };
		0203D7BF10358BCE005E98F4 /* Entitlements.plist */ = {isa = PBXFileReference; fileEncoding = 4; lastKnownFileType = text.plist.xml; path = Entitlements.plist; sourceTree = "<group>"; };
		0206812613B0BF43002F1B0F /* ProjectAddViewController.h */ = {isa = PBXFileReference; fileEncoding = 4; lastKnownFileType = sourcecode.c.h; path = ProjectAddViewController.h; sourceTree = "<group>"; };
		0206812713B0BF43002F1B0F /* ProjectAddViewController.m */ = {isa = PBXFileReference; fileEncoding = 4; lastKnownFileType = sourcecode.c.objc; path = ProjectAddViewController.m; sourceTree = "<group>"; };
		02213092138D0E6200558495 /* extThree20XML.xcodeproj */ = {isa = PBXFileReference; lastKnownFileType = "wrapper.pb-project"; name = extThree20XML.xcodeproj; path = External/three20/src/extThree20XML/extThree20XML.xcodeproj; sourceTree = "<group>"; };
		022130E2138D463100558495 /* NSURLProtectionSpaceAdditions.h */ = {isa = PBXFileReference; fileEncoding = 4; lastKnownFileType = sourcecode.c.h; path = NSURLProtectionSpaceAdditions.h; sourceTree = "<group>"; };
		022130E3138D463100558495 /* NSURLProtectionSpaceAdditions.m */ = {isa = PBXFileReference; fileEncoding = 4; lastKnownFileType = sourcecode.c.objc; path = NSURLProtectionSpaceAdditions.m; sourceTree = "<group>"; };
		0222E7ED0F8D3D5000445AAD /* AccountAddViewController.h */ = {isa = PBXFileReference; fileEncoding = 4; lastKnownFileType = sourcecode.c.h; path = AccountAddViewController.h; sourceTree = "<group>"; };
		0222E7EE0F8D3D5000445AAD /* AccountAddViewController.m */ = {isa = PBXFileReference; fileEncoding = 4; lastKnownFileType = sourcecode.c.objc; path = AccountAddViewController.m; sourceTree = "<group>"; };
		0222E7FA0F8D3EC700445AAD /* English */ = {isa = PBXFileReference; lastKnownFileType = file.xib; name = English; path = English.lproj/AccountView.xib; sourceTree = "<group>"; };
		022ABE9710C020880023AD77 /* English */ = {isa = PBXFileReference; fileEncoding = 4; lastKnownFileType = text; name = English; path = English.lproj/Changelog.txt; sourceTree = "<group>"; };
		0231285F10BEE12A0097675F /* English */ = {isa = PBXFileReference; fileEncoding = 4; lastKnownFileType = text.plist.strings; name = English; path = English.lproj/Localizable.strings; sourceTree = "<group>"; };
		0231293210BEF65E0097675F /* Reachability.h */ = {isa = PBXFileReference; fileEncoding = 4; lastKnownFileType = sourcecode.c.h; path = Reachability.h; sourceTree = "<group>"; };
		0231293310BEF65E0097675F /* Reachability.m */ = {isa = PBXFileReference; fileEncoding = 4; lastKnownFileType = sourcecode.c.objc; path = Reachability.m; sourceTree = "<group>"; };
		0231294010BEF6A50097675F /* CFNetwork.framework */ = {isa = PBXFileReference; lastKnownFileType = wrapper.framework; name = CFNetwork.framework; path = System/Library/Frameworks/CFNetwork.framework; sourceTree = SDKROOT; };
		0231295910BEF6CF0097675F /* Security.framework */ = {isa = PBXFileReference; lastKnownFileType = wrapper.framework; name = Security.framework; path = System/Library/Frameworks/Security.framework; sourceTree = SDKROOT; };
		0231297010BEF76F0097675F /* libz.1.2.3.dylib */ = {isa = PBXFileReference; lastKnownFileType = "compiled.mach-o.dylib"; name = libz.1.2.3.dylib; path = usr/lib/libz.1.2.3.dylib; sourceTree = SDKROOT; };
		023218E00F94DE2100A95381 /* ProjectViewController.h */ = {isa = PBXFileReference; fileEncoding = 4; lastKnownFileType = sourcecode.c.h; path = ProjectViewController.h; sourceTree = "<group>"; };
		023218E10F94DE2100A95381 /* ProjectViewController.m */ = {isa = PBXFileReference; fileEncoding = 4; lastKnownFileType = sourcecode.c.objc; path = ProjectViewController.m; sourceTree = "<group>"; };
		023DE6D31353234600C8285F /* German */ = {isa = PBXFileReference; lastKnownFileType = text; name = German; path = German.lproj/Changelog.txt; sourceTree = "<group>"; };
		02434FCB1030847600C62C58 /* Default.png */ = {isa = PBXFileReference; lastKnownFileType = image.png; path = Default.png; sourceTree = "<group>"; };
		024FDE9C10C676EB001FD4CD /* NSStringAdditions.h */ = {isa = PBXFileReference; fileEncoding = 4; lastKnownFileType = sourcecode.c.h; path = NSStringAdditions.h; sourceTree = "<group>"; };
		024FDE9D10C676EB001FD4CD /* NSStringAdditions.m */ = {isa = PBXFileReference; fileEncoding = 4; lastKnownFileType = sourcecode.c.objc; path = NSStringAdditions.m; sourceTree = "<group>"; };
		0252E02110CD304C003881B2 /* German */ = {isa = PBXFileReference; lastKnownFileType = text.plist.strings; name = German; path = German.lproj/Localizable.strings; sourceTree = "<group>"; };
		0252E06610CD3E3B003881B2 /* German */ = {isa = PBXFileReference; lastKnownFileType = file.xib; name = German; path = German.lproj/AccountView.xib; sourceTree = "<group>"; };
		0252E07510CD4913003881B2 /* CSRegex.h */ = {isa = PBXFileReference; fileEncoding = 4; lastKnownFileType = sourcecode.c.h; path = CSRegex.h; sourceTree = "<group>"; };
		0252E07610CD4913003881B2 /* CSRegex.m */ = {isa = PBXFileReference; fileEncoding = 4; lastKnownFileType = sourcecode.c.objc; path = CSRegex.m; sourceTree = "<group>"; };
		026A371C11A34849003A6F9A /* ASIAuthenticationDialog.h */ = {isa = PBXFileReference; fileEncoding = 4; lastKnownFileType = sourcecode.c.h; name = ASIAuthenticationDialog.h; path = Classes/ASIAuthenticationDialog.h; sourceTree = "<group>"; };
		026A371D11A34849003A6F9A /* ASIAuthenticationDialog.m */ = {isa = PBXFileReference; fileEncoding = 4; lastKnownFileType = sourcecode.c.objc; name = ASIAuthenticationDialog.m; path = Classes/ASIAuthenticationDialog.m; sourceTree = "<group>"; };
		026A371E11A34849003A6F9A /* ASIFormDataRequest.h */ = {isa = PBXFileReference; fileEncoding = 4; lastKnownFileType = sourcecode.c.h; name = ASIFormDataRequest.h; path = Classes/ASIFormDataRequest.h; sourceTree = "<group>"; };
		026A371F11A34849003A6F9A /* ASIFormDataRequest.m */ = {isa = PBXFileReference; fileEncoding = 4; lastKnownFileType = sourcecode.c.objc; name = ASIFormDataRequest.m; path = Classes/ASIFormDataRequest.m; sourceTree = "<group>"; };
		026A372011A34849003A6F9A /* ASIHTTPRequest.h */ = {isa = PBXFileReference; fileEncoding = 4; lastKnownFileType = sourcecode.c.h; name = ASIHTTPRequest.h; path = Classes/ASIHTTPRequest.h; sourceTree = "<group>"; };
		026A372111A34849003A6F9A /* ASIHTTPRequest.m */ = {isa = PBXFileReference; fileEncoding = 4; lastKnownFileType = sourcecode.c.objc; name = ASIHTTPRequest.m; path = Classes/ASIHTTPRequest.m; sourceTree = "<group>"; };
		026A372811A34849003A6F9A /* ASINSStringAdditions.h */ = {isa = PBXFileReference; fileEncoding = 4; lastKnownFileType = sourcecode.c.h; name = ASINSStringAdditions.h; path = Classes/ASINSStringAdditions.h; sourceTree = "<group>"; };
		026A372911A34849003A6F9A /* ASINSStringAdditions.m */ = {isa = PBXFileReference; fileEncoding = 4; lastKnownFileType = sourcecode.c.objc; name = ASINSStringAdditions.m; path = Classes/ASINSStringAdditions.m; sourceTree = "<group>"; };
		026A373111A34871003A6F9A /* TFHpple.h */ = {isa = PBXFileReference; fileEncoding = 4; lastKnownFileType = sourcecode.c.h; path = TFHpple.h; sourceTree = "<group>"; };
		026A373211A34871003A6F9A /* TFHpple.m */ = {isa = PBXFileReference; fileEncoding = 4; lastKnownFileType = sourcecode.c.objc; path = TFHpple.m; sourceTree = "<group>"; };
		026A373311A34871003A6F9A /* TFHppleElement.h */ = {isa = PBXFileReference; fileEncoding = 4; lastKnownFileType = sourcecode.c.h; path = TFHppleElement.h; sourceTree = "<group>"; };
		026A373411A34871003A6F9A /* TFHppleElement.m */ = {isa = PBXFileReference; fileEncoding = 4; lastKnownFileType = sourcecode.c.objc; path = TFHppleElement.m; sourceTree = "<group>"; };
		026A373511A34871003A6F9A /* XPathQuery.h */ = {isa = PBXFileReference; fileEncoding = 4; lastKnownFileType = sourcecode.c.h; path = XPathQuery.h; sourceTree = "<group>"; };
		026A373611A34871003A6F9A /* XPathQuery.m */ = {isa = PBXFileReference; fileEncoding = 4; lastKnownFileType = sourcecode.c.objc; path = XPathQuery.m; sourceTree = "<group>"; };
		026A375F11A34C11003A6F9A /* ASINetworkQueue.h */ = {isa = PBXFileReference; fileEncoding = 4; lastKnownFileType = sourcecode.c.h; name = ASINetworkQueue.h; path = Classes/ASINetworkQueue.h; sourceTree = "<group>"; };
		026A376011A34C11003A6F9A /* ASINetworkQueue.m */ = {isa = PBXFileReference; fileEncoding = 4; lastKnownFileType = sourcecode.c.objc; name = ASINetworkQueue.m; path = Classes/ASINetworkQueue.m; sourceTree = "<group>"; };
		026A377211A34FA7003A6F9A /* ASIInputStream.h */ = {isa = PBXFileReference; fileEncoding = 4; lastKnownFileType = sourcecode.c.h; name = ASIInputStream.h; path = Classes/ASIInputStream.h; sourceTree = "<group>"; };
		026A377311A34FA7003A6F9A /* ASIInputStream.m */ = {isa = PBXFileReference; fileEncoding = 4; lastKnownFileType = sourcecode.c.objc; name = ASIInputStream.m; path = Classes/ASIInputStream.m; sourceTree = "<group>"; };
		027898081349E50C00F678AB /* StoreKit.framework */ = {isa = PBXFileReference; lastKnownFileType = wrapper.framework; name = StoreKit.framework; path = System/Library/Frameworks/StoreKit.framework; sourceTree = SDKROOT; };
		0278982A1349E91700F678AB /* iRedmineStyleSheet.h */ = {isa = PBXFileReference; fileEncoding = 4; lastKnownFileType = sourcecode.c.h; path = iRedmineStyleSheet.h; sourceTree = "<group>"; };
		0278982B1349E91700F678AB /* iRedmineStyleSheet.m */ = {isa = PBXFileReference; fileEncoding = 4; lastKnownFileType = sourcecode.c.objc; path = iRedmineStyleSheet.m; sourceTree = "<group>"; };
		0278ED5A0F9E40CA000E8EED /* AccountViewController.h */ = {isa = PBXFileReference; fileEncoding = 4; lastKnownFileType = sourcecode.c.h; path = AccountViewController.h; sourceTree = "<group>"; };
		0278ED5B0F9E40CA000E8EED /* AccountViewController.m */ = {isa = PBXFileReference; fileEncoding = 4; lastKnownFileType = sourcecode.c.objc; path = AccountViewController.m; sourceTree = "<group>"; };
		02899D931393DE8400C013FE /* Account.h */ = {isa = PBXFileReference; fileEncoding = 4; lastKnownFileType = sourcecode.c.h; path = Account.h; sourceTree = "<group>"; };
		02899D941393DE8400C013FE /* Account.m */ = {isa = PBXFileReference; fileEncoding = 4; lastKnownFileType = sourcecode.c.objc; path = Account.m; sourceTree = "<group>"; };
		02899E181393F70E00C013FE /* NSURLAdditions.h */ = {isa = PBXFileReference; fileEncoding = 4; lastKnownFileType = sourcecode.c.h; path = NSURLAdditions.h; sourceTree = "<group>"; };
		02899E191393F70E00C013FE /* NSURLAdditions.m */ = {isa = PBXFileReference; fileEncoding = 4; lastKnownFileType = sourcecode.c.objc; path = NSURLAdditions.m; sourceTree = "<group>"; };
		028CFEF912AD3AFF003FEC85 /* feature@2x.png */ = {isa = PBXFileReference; lastKnownFileType = image.png; path = "feature@2x.png"; sourceTree = "<group>"; };
		028CFEFB12AD3B0B003FEC85 /* revision@2x.png */ = {isa = PBXFileReference; lastKnownFileType = image.png; path = "revision@2x.png"; sourceTree = "<group>"; };
		028CFEFD12AD3B13003FEC85 /* error@2x.png */ = {isa = PBXFileReference; lastKnownFileType = image.png; path = "error@2x.png"; sourceTree = "<group>"; };
		028CFEFF12AD3B1A003FEC85 /* support@2x.png */ = {isa = PBXFileReference; lastKnownFileType = image.png; path = "support@2x.png"; sourceTree = "<group>"; };
		028CFF0A12AD3C9C003FEC85 /* feature.png */ = {isa = PBXFileReference; lastKnownFileType = image.png; path = feature.png; sourceTree = "<group>"; };
		028CFF0C12AD3CA4003FEC85 /* revision.png */ = {isa = PBXFileReference; lastKnownFileType = image.png; path = revision.png; sourceTree = "<group>"; };
		028CFF1012AD3CB4003FEC85 /* support.png */ = {isa = PBXFileReference; lastKnownFileType = image.png; path = support.png; sourceTree = "<group>"; };
		028CFF1212AD3CBA003FEC85 /* error.png */ = {isa = PBXFileReference; lastKnownFileType = image.png; path = error.png; sourceTree = "<group>"; };
		02936954134B23AC00DF334F /* IssueTableController.h */ = {isa = PBXFileReference; fileEncoding = 4; lastKnownFileType = sourcecode.c.h; path = IssueTableController.h; sourceTree = "<group>"; };
		02936955134B23AC00DF334F /* IssueTableController.m */ = {isa = PBXFileReference; fileEncoding = 4; lastKnownFileType = sourcecode.c.objc; path = IssueTableController.m; sourceTree = "<group>"; };
		02936A77134B5A5200DF334F /* BaseViewController.h */ = {isa = PBXFileReference; fileEncoding = 4; lastKnownFileType = sourcecode.c.h; path = BaseViewController.h; sourceTree = "<group>"; };
		02936A78134B5A5200DF334F /* BaseViewController.m */ = {isa = PBXFileReference; fileEncoding = 4; lastKnownFileType = sourcecode.c.objc; path = BaseViewController.m; sourceTree = "<group>"; };
		02936AF2134B66C500DF334F /* BaseTableViewController.h */ = {isa = PBXFileReference; fileEncoding = 4; lastKnownFileType = sourcecode.c.h; path = BaseTableViewController.h; sourceTree = "<group>"; };
		02936AF3134B66C500DF334F /* BaseTableViewController.m */ = {isa = PBXFileReference; fileEncoding = 4; lastKnownFileType = sourcecode.c.objc; path = BaseTableViewController.m; sourceTree = "<group>"; };
		02936B16134B689B00DF334F /* IssueAddViewController.h */ = {isa = PBXFileReference; fileEncoding = 4; lastKnownFileType = sourcecode.c.h; path = IssueAddViewController.h; sourceTree = "<group>"; };
		02936B17134B689B00DF334F /* IssueAddViewController.m */ = {isa = PBXFileReference; fileEncoding = 4; lastKnownFileType = sourcecode.c.objc; path = IssueAddViewController.m; sourceTree = "<group>"; };
		02937CB710738AE30069E480 /* SystemConfiguration.framework */ = {isa = PBXFileReference; lastKnownFileType = wrapper.framework; name = SystemConfiguration.framework; path = /System/Library/Frameworks/SystemConfiguration.framework; sourceTree = "<absolute>"; };
		02A154451349C03F007A061B /* Three20.bundle */ = {isa = PBXFileReference; lastKnownFileType = "wrapper.plug-in"; name = Three20.bundle; path = External/three20/src/Three20.bundle; sourceTree = "<group>"; };
		02A154701349C04F007A061B /* Three20.xcodeproj */ = {isa = PBXFileReference; lastKnownFileType = "wrapper.pb-project"; name = Three20.xcodeproj; path = External/three20/src/Three20/Three20.xcodeproj; sourceTree = "<group>"; };
		02A1549F1349C058007A061B /* Three20Core.xcodeproj */ = {isa = PBXFileReference; lastKnownFileType = "wrapper.pb-project"; name = Three20Core.xcodeproj; path = External/three20/src/Three20Core/Three20Core.xcodeproj; sourceTree = "<group>"; };
		02A154A81349C060007A061B /* Three20Network.xcodeproj */ = {isa = PBXFileReference; lastKnownFileType = "wrapper.pb-project"; name = Three20Network.xcodeproj; path = External/three20/src/Three20Network/Three20Network.xcodeproj; sourceTree = "<group>"; };
		02A154B11349C068007A061B /* Three20Style.xcodeproj */ = {isa = PBXFileReference; lastKnownFileType = "wrapper.pb-project"; name = Three20Style.xcodeproj; path = External/three20/src/Three20Style/Three20Style.xcodeproj; sourceTree = "<group>"; };
		02A154BA1349C071007A061B /* Three20UI.xcodeproj */ = {isa = PBXFileReference; lastKnownFileType = "wrapper.pb-project"; name = Three20UI.xcodeproj; path = External/three20/src/Three20UI/Three20UI.xcodeproj; sourceTree = "<group>"; };
		02A154C31349C079007A061B /* Three20UICommon.xcodeproj */ = {isa = PBXFileReference; lastKnownFileType = "wrapper.pb-project"; name = Three20UICommon.xcodeproj; path = External/three20/src/Three20UICommon/Three20UICommon.xcodeproj; sourceTree = "<group>"; };
		02A154CC1349C082007A061B /* Three20UINavigator.xcodeproj */ = {isa = PBXFileReference; lastKnownFileType = "wrapper.pb-project"; name = Three20UINavigator.xcodeproj; path = External/three20/src/Three20UINavigator/Three20UINavigator.xcodeproj; sourceTree = "<group>"; };
		02A154F51349C16D007A061B /* QuartzCore.framework */ = {isa = PBXFileReference; lastKnownFileType = wrapper.framework; name = QuartzCore.framework; path = System/Library/Frameworks/QuartzCore.framework; sourceTree = SDKROOT; };
		02A8B04B0F98D6830077AB7F /* Icon.png */ = {isa = PBXFileReference; lastKnownFileType = image.png; path = Icon.png; sourceTree = "<group>"; };
		02C7769D11B6B1C900F10BC3 /* Login.h */ = {isa = PBXFileReference; fileEncoding = 4; lastKnownFileType = sourcecode.c.h; path = Login.h; sourceTree = "<group>"; };
		02C7769E11B6B1C900F10BC3 /* Login.m */ = {isa = PBXFileReference; fileEncoding = 4; lastKnownFileType = sourcecode.c.objc; path = Login.m; sourceTree = "<group>"; };
		02C777CF11B6FC7000F10BC3 /* libxml2.2.7.3.dylib */ = {isa = PBXFileReference; lastKnownFileType = "compiled.mach-o.dylib"; name = libxml2.2.7.3.dylib; path = usr/lib/libxml2.2.7.3.dylib; sourceTree = SDKROOT; };
		02CD7AAD12A56C2100841B5A /* iAd.framework */ = {isa = PBXFileReference; lastKnownFileType = wrapper.framework; name = iAd.framework; path = System/Library/Frameworks/iAd.framework; sourceTree = SDKROOT; };
		02D86C570F8E75E500EB1658 /* NSDateAdditions.h */ = {isa = PBXFileReference; fileEncoding = 4; lastKnownFileType = sourcecode.c.h; path = NSDateAdditions.h; sourceTree = "<group>"; };
		02D86C580F8E75F400EB1658 /* NSDateAdditions.m */ = {isa = PBXFileReference; fileEncoding = 4; lastKnownFileType = sourcecode.c.objc; path = NSDateAdditions.m; sourceTree = "<group>"; };
		02E18E48138BB84200639A5D /* RESTRequest.h */ = {isa = PBXFileReference; fileEncoding = 4; lastKnownFileType = sourcecode.c.h; path = RESTRequest.h; sourceTree = "<group>"; };
		02E18E49138BB84200639A5D /* RESTRequest.m */ = {isa = PBXFileReference; fileEncoding = 4; lastKnownFileType = sourcecode.c.objc; path = RESTRequest.m; sourceTree = "<group>"; };
		02EB331E1358AC8E00B18895 /* StoreViewController.h */ = {isa = PBXFileReference; fileEncoding = 4; lastKnownFileType = sourcecode.c.h; path = StoreViewController.h; sourceTree = "<group>"; };
		02EB331F1358AC8E00B18895 /* StoreViewController.m */ = {isa = PBXFileReference; fileEncoding = 4; lastKnownFileType = sourcecode.c.objc; path = StoreViewController.m; sourceTree = "<group>"; };
		02EF8786135DDAD800803764 /* Constants.h */ = {isa = PBXFileReference; fileEncoding = 4; lastKnownFileType = sourcecode.c.h; path = Constants.h; sourceTree = "<group>"; };
		02F6D4EF134DBC6B00154008 /* AccountsDataSource.h */ = {isa = PBXFileReference; fileEncoding = 4; lastKnownFileType = sourcecode.c.h; path = AccountsDataSource.h; sourceTree = "<group>"; };
		02F6D4F0134DBC6B00154008 /* AccountsDataSource.m */ = {isa = PBXFileReference; fileEncoding = 4; lastKnownFileType = sourcecode.c.objc; path = AccountsDataSource.m; sourceTree = "<group>"; };
		02F6D79A134E0A0D00154008 /* AccountEditViewController.h */ = {isa = PBXFileReference; fileEncoding = 4; lastKnownFileType = sourcecode.c.h; path = AccountEditViewController.h; sourceTree = "<group>"; };
		02F6D79B134E0A0D00154008 /* AccountEditViewController.m */ = {isa = PBXFileReference; fileEncoding = 4; lastKnownFileType = sourcecode.c.objc; path = AccountEditViewController.m; sourceTree = "<group>"; };
		1D30AB110D05D00D00671497 /* Foundation.framework */ = {isa = PBXFileReference; lastKnownFileType = wrapper.framework; name = Foundation.framework; path = System/Library/Frameworks/Foundation.framework; sourceTree = SDKROOT; };
		1D3623240D0F684500981E51 /* iRedmineAppDelegate.h */ = {isa = PBXFileReference; fileEncoding = 4; lastKnownFileType = sourcecode.c.h; path = iRedmineAppDelegate.h; sourceTree = "<group>"; };
		1D3623250D0F684500981E51 /* iRedmineAppDelegate.m */ = {isa = PBXFileReference; fileEncoding = 4; lastKnownFileType = sourcecode.c.objc; path = iRedmineAppDelegate.m; sourceTree = "<group>"; };
		1D6058910D05DD3D006BFB54 /* iRedmine.app */ = {isa = PBXFileReference; explicitFileType = wrapper.application; includeInIndex = 0; path = iRedmine.app; sourceTree = BUILT_PRODUCTS_DIR; };
		1DF5F4DF0D08C38300B7A737 /* UIKit.framework */ = {isa = PBXFileReference; lastKnownFileType = wrapper.framework; name = UIKit.framework; path = System/Library/Frameworks/UIKit.framework; sourceTree = SDKROOT; };
		2892E40F0DC94CBA00A64D0F /* CoreGraphics.framework */ = {isa = PBXFileReference; lastKnownFileType = wrapper.framework; name = CoreGraphics.framework; path = System/Library/Frameworks/CoreGraphics.framework; sourceTree = SDKROOT; };
		28A0AAE50D9B0CCF005BE974 /* iRedmine_Prefix.pch */ = {isa = PBXFileReference; fileEncoding = 4; lastKnownFileType = sourcecode.c.h; path = iRedmine_Prefix.pch; sourceTree = "<group>"; };
		28C286DF0D94DF7D0034E888 /* AccountsViewController.h */ = {isa = PBXFileReference; fileEncoding = 4; lastKnownFileType = sourcecode.c.h; path = AccountsViewController.h; sourceTree = "<group>"; };
		28C286E00D94DF7D0034E888 /* AccountsViewController.m */ = {isa = PBXFileReference; fileEncoding = 4; lastKnownFileType = sourcecode.c.objc; path = AccountsViewController.m; sourceTree = "<group>"; };
		29B97316FDCFA39411CA2CEA /* main.m */ = {isa = PBXFileReference; fileEncoding = 4; lastKnownFileType = sourcecode.c.objc; path = main.m; sourceTree = "<group>"; };
		8D1107310486CEB800E47090 /* Info.plist */ = {isa = PBXFileReference; fileEncoding = 4; lastKnownFileType = text.plist.xml; path = Info.plist; sourceTree = "<group>"; };
		F8FAA3A712A40C390001996C /* Default@2x.png */ = {isa = PBXFileReference; lastKnownFileType = image.png; path = "Default@2x.png"; sourceTree = "<group>"; };
		F8FAA3AD12A40C390001996C /* Icon@2x.png */ = {isa = PBXFileReference; lastKnownFileType = image.png; path = "Icon@2x.png"; sourceTree = "<group>"; };
/* End PBXFileReference section */

/* Begin PBXFrameworksBuildPhase section */
		1D60588F0D05DD3D006BFB54 /* Frameworks */ = {
			isa = PBXFrameworksBuildPhase;
			buildActionMask = 2147483647;
			files = (
				1D60589F0D05DD5A006BFB54 /* Foundation.framework in Frameworks */,
				1DF5F4E00D08C38300B7A737 /* UIKit.framework in Frameworks */,
				2892E4100DC94CBA00A64D0F /* CoreGraphics.framework in Frameworks */,
				02937CB810738AE30069E480 /* SystemConfiguration.framework in Frameworks */,
				0231294110BEF6A50097675F /* CFNetwork.framework in Frameworks */,
				0231295A10BEF6CF0097675F /* Security.framework in Frameworks */,
				0231297110BEF76F0097675F /* libz.1.2.3.dylib in Frameworks */,
				02C777D011B6FC7000F10BC3 /* libxml2.2.7.3.dylib in Frameworks */,
				02CD7AAE12A56C2100841B5A /* iAd.framework in Frameworks */,
				02A154D61349C139007A061B /* libThree20.a in Frameworks */,
				02A154D71349C139007A061B /* libThree20Core.a in Frameworks */,
				02A154D81349C13A007A061B /* libThree20Network.a in Frameworks */,
				02A154D91349C13B007A061B /* libThree20Style.a in Frameworks */,
				02A154DA1349C13C007A061B /* libThree20UI.a in Frameworks */,
				02A154DB1349C13D007A061B /* libThree20UICommon.a in Frameworks */,
				02A154DC1349C13F007A061B /* libThree20UINavigator.a in Frameworks */,
				02A154F61349C16D007A061B /* QuartzCore.framework in Frameworks */,
				027898091349E50C00F678AB /* StoreKit.framework in Frameworks */,
				022130A3138D0E7900558495 /* libextThree20XML.a in Frameworks */,
			);
			runOnlyForDeploymentPostprocessing = 0;
		};
/* End PBXFrameworksBuildPhase section */

/* Begin PBXGroup section */
		0204E65A134F260700DF3CCA /* Account Views */ = {
			isa = PBXGroup;
			children = (
				02F6D4EF134DBC6B00154008 /* AccountsDataSource.h */,
				02F6D4F0134DBC6B00154008 /* AccountsDataSource.m */,
				28C286DF0D94DF7D0034E888 /* AccountsViewController.h */,
				28C286E00D94DF7D0034E888 /* AccountsViewController.m */,
				0222E7ED0F8D3D5000445AAD /* AccountAddViewController.h */,
				0222E7EE0F8D3D5000445AAD /* AccountAddViewController.m */,
				02F6D79A134E0A0D00154008 /* AccountEditViewController.h */,
				02F6D79B134E0A0D00154008 /* AccountEditViewController.m */,
				0278ED5A0F9E40CA000E8EED /* AccountViewController.h */,
				0278ED5B0F9E40CA000E8EED /* AccountViewController.m */,
			);
			name = "Account Views";
			sourceTree = "<group>";
		};
		0204E65D134F267E00DF3CCA /* Base Controllers */ = {
			isa = PBXGroup;
			children = (
				02936A77134B5A5200DF334F /* BaseViewController.h */,
				02936A78134B5A5200DF334F /* BaseViewController.m */,
				02936AF2134B66C500DF334F /* BaseTableViewController.h */,
				02936AF3134B66C500DF334F /* BaseTableViewController.m */,
			);
			name = "Base Controllers";
			sourceTree = "<group>";
		};
		02213093138D0E6200558495 /* Products */ = {
			isa = PBXGroup;
			children = (
				0221309D138D0E6200558495 /* libextThree20XML.a */,
				0221309F138D0E6200558495 /* extJSONUnitTests.octest */,
			);
			name = Products;
			sourceTree = "<group>";
		};
		0231292010BEF5E90097675F /* External */ = {
			isa = PBXGroup;
			children = (
				02F400BB1192F9F400E0B194 /* asi-http-request */,
				02F400BA1192F9E000E0B194 /* hpple */,
				0252E07510CD4913003881B2 /* CSRegex.h */,
				0252E07610CD4913003881B2 /* CSRegex.m */,
				0231293210BEF65E0097675F /* Reachability.h */,
				0231293310BEF65E0097675F /* Reachability.m */,
			);
			path = External;
			sourceTree = "<group>";
		};
		0278ED7F0F9E41EA000E8EED /* Images */ = {
			isa = PBXGroup;
			children = (
				02DE7EE112A8171D008A3061 /* iPhone 3 */,
				F8FAA3C712A40CCC0001996C /* Retina Display */,
			);
			name = Images;
			sourceTree = "<group>";
		};
		02A154711349C04F007A061B /* Products */ = {
			isa = PBXGroup;
			children = (
				02A1549C1349C04F007A061B /* libThree20.a */,
				02A1549E1349C04F007A061B /* Three20UnitTests.octest */,
			);
			name = Products;
			sourceTree = "<group>";
		};
		02A154A01349C058007A061B /* Products */ = {
			isa = PBXGroup;
			children = (
				02A154A51349C058007A061B /* libThree20Core.a */,
				02A154A71349C058007A061B /* CoreUnitTests.octest */,
			);
			name = Products;
			sourceTree = "<group>";
		};
		02A154A91349C060007A061B /* Products */ = {
			isa = PBXGroup;
			children = (
				02A154AE1349C060007A061B /* libThree20Network.a */,
				02A154B01349C060007A061B /* NetworkUnitTests.octest */,
			);
			name = Products;
			sourceTree = "<group>";
		};
		02A154B21349C068007A061B /* Products */ = {
			isa = PBXGroup;
			children = (
				02A154B71349C068007A061B /* libThree20Style.a */,
				02A154B91349C068007A061B /* StyleUnitTests.octest */,
			);
			name = Products;
			sourceTree = "<group>";
		};
		02A154BB1349C071007A061B /* Products */ = {
			isa = PBXGroup;
			children = (
				02A154C01349C071007A061B /* libThree20UI.a */,
				02A154C21349C071007A061B /* UIUnitTests.octest */,
			);
			name = Products;
			sourceTree = "<group>";
		};
		02A154C41349C079007A061B /* Products */ = {
			isa = PBXGroup;
			children = (
				02A154C91349C079007A061B /* libThree20UICommon.a */,
				02A154CB1349C079007A061B /* UICommonUnitTests.octest */,
			);
			name = Products;
			sourceTree = "<group>";
		};
		02A154CD1349C082007A061B /* Products */ = {
			isa = PBXGroup;
			children = (
				02A154D21349C082007A061B /* libThree20UINavigator.a */,
				02A154D41349C082007A061B /* UINavigatorUnitTests.octest */,
			);
			name = Products;
			sourceTree = "<group>";
		};
		02CEF7670F9E427600FCB183 /* Interface Builder */ = {
			isa = PBXGroup;
			children = (
				0252E06310CD3E36003881B2 /* AccountView.xib */,
			);
			name = "Interface Builder";
			sourceTree = "<group>";
		};
		02DE7EE112A8171D008A3061 /* iPhone 3 */ = {
			isa = PBXGroup;
			children = (
				02434FCB1030847600C62C58 /* Default.png */,
				02A8B04B0F98D6830077AB7F /* Icon.png */,
				F8FAA43012A4139D0001996C /* Cells */,
			);
			name = "iPhone 3";
			sourceTree = "<group>";
		};
		02E2ED750F9F50F5003DDCB0 /* Table View Controllers */ = {
			isa = PBXGroup;
			children = (
				02936954134B23AC00DF334F /* IssueTableController.h */,
				02936955134B23AC00DF334F /* IssueTableController.m */,
				02936B16134B689B00DF334F /* IssueAddViewController.h */,
				02936B17134B689B00DF334F /* IssueAddViewController.m */,
				023218E00F94DE2100A95381 /* ProjectViewController.h */,
				023218E10F94DE2100A95381 /* ProjectViewController.m */,
				0206812613B0BF43002F1B0F /* ProjectAddViewController.h */,
				0206812713B0BF43002F1B0F /* ProjectAddViewController.m */,
				02EB331E1358AC8E00B18895 /* StoreViewController.h */,
				02EB331F1358AC8E00B18895 /* StoreViewController.m */,
			);
			name = "Table View Controllers";
			sourceTree = "<group>";
		};
		02E2EDB10F9F572F003DDCB0 /* WWK Library */ = {
			isa = PBXGroup;
			children = (
				02899D931393DE8400C013FE /* Account.h */,
				02899D941393DE8400C013FE /* Account.m */,
				02C7769D11B6B1C900F10BC3 /* Login.h */,
				02C7769E11B6B1C900F10BC3 /* Login.m */,
				02014A1B1396680000C9C02C /* AtomFeed.h */,
				02014A1C1396680000C9C02C /* AtomFeed.m */,
				02E18E48138BB84200639A5D /* RESTRequest.h */,
				02E18E49138BB84200639A5D /* RESTRequest.m */,
				02899E181393F70E00C013FE /* NSURLAdditions.h */,
				02899E191393F70E00C013FE /* NSURLAdditions.m */,
				02D86C570F8E75E500EB1658 /* NSDateAdditions.h */,
				02D86C580F8E75F400EB1658 /* NSDateAdditions.m */,
				024FDE9C10C676EB001FD4CD /* NSStringAdditions.h */,
				024FDE9D10C676EB001FD4CD /* NSStringAdditions.m */,
				022130E2138D463100558495 /* NSURLProtectionSpaceAdditions.h */,
				022130E3138D463100558495 /* NSURLProtectionSpaceAdditions.m */,
			);
			name = "WWK Library";
			sourceTree = "<group>";
		};
		02F400BA1192F9E000E0B194 /* hpple */ = {
			isa = PBXGroup;
			children = (
				026A373111A34871003A6F9A /* TFHpple.h */,
				026A373211A34871003A6F9A /* TFHpple.m */,
				026A373311A34871003A6F9A /* TFHppleElement.h */,
				026A373411A34871003A6F9A /* TFHppleElement.m */,
				026A373511A34871003A6F9A /* XPathQuery.h */,
				026A373611A34871003A6F9A /* XPathQuery.m */,
			);
			path = hpple;
			sourceTree = "<group>";
		};
		02F400BB1192F9F400E0B194 /* asi-http-request */ = {
			isa = PBXGroup;
			children = (
				026A377211A34FA7003A6F9A /* ASIInputStream.h */,
				026A377311A34FA7003A6F9A /* ASIInputStream.m */,
				026A375F11A34C11003A6F9A /* ASINetworkQueue.h */,
				026A376011A34C11003A6F9A /* ASINetworkQueue.m */,
				026A371C11A34849003A6F9A /* ASIAuthenticationDialog.h */,
				026A371D11A34849003A6F9A /* ASIAuthenticationDialog.m */,
				026A371E11A34849003A6F9A /* ASIFormDataRequest.h */,
				026A371F11A34849003A6F9A /* ASIFormDataRequest.m */,
				026A372011A34849003A6F9A /* ASIHTTPRequest.h */,
				026A372111A34849003A6F9A /* ASIHTTPRequest.m */,
				026A372811A34849003A6F9A /* ASINSStringAdditions.h */,
				026A372911A34849003A6F9A /* ASINSStringAdditions.m */,
			);
			path = "asi-http-request";
			sourceTree = "<group>";
		};
		080E96DDFE201D6D7F000001 /* Classes */ = {
			isa = PBXGroup;
			children = (
				02EF8786135DDAD800803764 /* Constants.h */,
				0278982A1349E91700F678AB /* iRedmineStyleSheet.h */,
				0278982B1349E91700F678AB /* iRedmineStyleSheet.m */,
				1D3623240D0F684500981E51 /* iRedmineAppDelegate.h */,
				1D3623250D0F684500981E51 /* iRedmineAppDelegate.m */,
				0204E65D134F267E00DF3CCA /* Base Controllers */,
				02E2EDB10F9F572F003DDCB0 /* WWK Library */,
				0204E65A134F260700DF3CCA /* Account Views */,
				02E2ED750F9F50F5003DDCB0 /* Table View Controllers */,
			);
			path = Classes;
			sourceTree = "<group>";
		};
		19C28FACFE9D520D11CA2CBB /* Products */ = {
			isa = PBXGroup;
			children = (
				1D6058910D05DD3D006BFB54 /* iRedmine.app */,
			);
			name = Products;
			sourceTree = "<group>";
		};
		29B97314FDCFA39411CA2CEA /* CustomTemplate */ = {
			isa = PBXGroup;
			children = (
				0231292010BEF5E90097675F /* External */,
				080E96DDFE201D6D7F000001 /* Classes */,
				29B97315FDCFA39411CA2CEA /* Other Sources */,
				29B97317FDCFA39411CA2CEA /* Resources */,
				29B97323FDCFA39411CA2CEA /* Frameworks */,
				19C28FACFE9D520D11CA2CBB /* Products */,
			);
			name = CustomTemplate;
			sourceTree = "<group>";
		};
		29B97315FDCFA39411CA2CEA /* Other Sources */ = {
			isa = PBXGroup;
			children = (
				28A0AAE50D9B0CCF005BE974 /* iRedmine_Prefix.pch */,
				29B97316FDCFA39411CA2CEA /* main.m */,
			);
			name = "Other Sources";
			sourceTree = "<group>";
		};
		29B97317FDCFA39411CA2CEA /* Resources */ = {
			isa = PBXGroup;
			children = (
				02A154451349C03F007A061B /* Three20.bundle */,
				8D1107310486CEB800E47090 /* Info.plist */,
				0203D7BF10358BCE005E98F4 /* Entitlements.plist */,
				0278ED7F0F9E41EA000E8EED /* Images */,
				02CEF7670F9E427600FCB183 /* Interface Builder */,
				0231286110BEE1310097675F /* Localizable.strings */,
				023DE6D11353233700C8285F /* Changelog.txt */,
			);
			name = Resources;
			sourceTree = "<group>";
		};
		29B97323FDCFA39411CA2CEA /* Frameworks */ = {
			isa = PBXGroup;
			children = (
				027898081349E50C00F678AB /* StoreKit.framework */,
				02937CB710738AE30069E480 /* SystemConfiguration.framework */,
				1DF5F4DF0D08C38300B7A737 /* UIKit.framework */,
				1D30AB110D05D00D00671497 /* Foundation.framework */,
				2892E40F0DC94CBA00A64D0F /* CoreGraphics.framework */,
				0231294010BEF6A50097675F /* CFNetwork.framework */,
				0231295910BEF6CF0097675F /* Security.framework */,
				02CD7AAD12A56C2100841B5A /* iAd.framework */,
				0231297010BEF76F0097675F /* libz.1.2.3.dylib */,
				02C777CF11B6FC7000F10BC3 /* libxml2.2.7.3.dylib */,
				02A154F51349C16D007A061B /* QuartzCore.framework */,
				02A154701349C04F007A061B /* Three20.xcodeproj */,
				02A1549F1349C058007A061B /* Three20Core.xcodeproj */,
				02A154A81349C060007A061B /* Three20Network.xcodeproj */,
				02A154B11349C068007A061B /* Three20Style.xcodeproj */,
				02A154BA1349C071007A061B /* Three20UI.xcodeproj */,
				02A154C31349C079007A061B /* Three20UICommon.xcodeproj */,
				02A154CC1349C082007A061B /* Three20UINavigator.xcodeproj */,
				02213092138D0E6200558495 /* extThree20XML.xcodeproj */,
			);
			name = Frameworks;
			sourceTree = "<group>";
		};
		F8FAA3C712A40CCC0001996C /* Retina Display */ = {
			isa = PBXGroup;
			children = (
				F8FAA3A712A40C390001996C /* Default@2x.png */,
				F8FAA3AD12A40C390001996C /* Icon@2x.png */,
				F8FAA42F12A413050001996C /* Cells */,
			);
			name = "Retina Display";
			sourceTree = "<group>";
		};
		F8FAA42F12A413050001996C /* Cells */ = {
			isa = PBXGroup;
			children = (
				028CFEF912AD3AFF003FEC85 /* feature@2x.png */,
				028CFEFB12AD3B0B003FEC85 /* revision@2x.png */,
				028CFEFD12AD3B13003FEC85 /* error@2x.png */,
				028CFEFF12AD3B1A003FEC85 /* support@2x.png */,
			);
			name = Cells;
			sourceTree = "<group>";
		};
		F8FAA43012A4139D0001996C /* Cells */ = {
			isa = PBXGroup;
			children = (
				028CFF0A12AD3C9C003FEC85 /* feature.png */,
				028CFF0C12AD3CA4003FEC85 /* revision.png */,
				028CFF1212AD3CBA003FEC85 /* error.png */,
				028CFF1012AD3CB4003FEC85 /* support.png */,
			);
			name = Cells;
			sourceTree = "<group>";
		};
/* End PBXGroup section */

/* Begin PBXNativeTarget section */
		1D6058900D05DD3D006BFB54 /* iRedmine */ = {
			isa = PBXNativeTarget;
			buildConfigurationList = 1D6058960D05DD3E006BFB54 /* Build configuration list for PBXNativeTarget "iRedmine" */;
			buildPhases = (
				1D60588D0D05DD3D006BFB54 /* Resources */,
				1D60588E0D05DD3D006BFB54 /* Sources */,
				1D60588F0D05DD3D006BFB54 /* Frameworks */,
			);
			buildRules = (
			);
			dependencies = (
				02A154E01349C155007A061B /* PBXTargetDependency */,
				02A154E21349C155007A061B /* PBXTargetDependency */,
				02A154E41349C155007A061B /* PBXTargetDependency */,
				02A154E61349C155007A061B /* PBXTargetDependency */,
				02A154E81349C155007A061B /* PBXTargetDependency */,
				02A154EA1349C155007A061B /* PBXTargetDependency */,
				02A154EC1349C155007A061B /* PBXTargetDependency */,
				022130A7138D0E8900558495 /* PBXTargetDependency */,
			);
			name = iRedmine;
			productName = iRedmine;
			productReference = 1D6058910D05DD3D006BFB54 /* iRedmine.app */;
			productType = "com.apple.product-type.application";
		};
/* End PBXNativeTarget section */

/* Begin PBXProject section */
		29B97313FDCFA39411CA2CEA /* Project object */ = {
			isa = PBXProject;
			attributes = {
				ORGANIZATIONNAME = "Weißhuhn & Weißhuhn Kommunikationsmanagement GmbH";
			};
			buildConfigurationList = C01FCF4E08A954540054247B /* Build configuration list for PBXProject "iRedmine" */;
			compatibilityVersion = "Xcode 3.1";
			developmentRegion = English;
			hasScannedForEncodings = 1;
			knownRegions = (
				English,
				Japanese,
				French,
				German,
				en,
			);
			mainGroup = 29B97314FDCFA39411CA2CEA /* CustomTemplate */;
			projectDirPath = "";
			projectReferences = (
				{
					ProductGroup = 02213093138D0E6200558495 /* Products */;
					ProjectRef = 02213092138D0E6200558495 /* extThree20XML.xcodeproj */;
				},
				{
					ProductGroup = 02A154711349C04F007A061B /* Products */;
					ProjectRef = 02A154701349C04F007A061B /* Three20.xcodeproj */;
				},
				{
					ProductGroup = 02A154A01349C058007A061B /* Products */;
					ProjectRef = 02A1549F1349C058007A061B /* Three20Core.xcodeproj */;
				},
				{
					ProductGroup = 02A154A91349C060007A061B /* Products */;
					ProjectRef = 02A154A81349C060007A061B /* Three20Network.xcodeproj */;
				},
				{
					ProductGroup = 02A154B21349C068007A061B /* Products */;
					ProjectRef = 02A154B11349C068007A061B /* Three20Style.xcodeproj */;
				},
				{
					ProductGroup = 02A154BB1349C071007A061B /* Products */;
					ProjectRef = 02A154BA1349C071007A061B /* Three20UI.xcodeproj */;
				},
				{
					ProductGroup = 02A154C41349C079007A061B /* Products */;
					ProjectRef = 02A154C31349C079007A061B /* Three20UICommon.xcodeproj */;
				},
				{
					ProductGroup = 02A154CD1349C082007A061B /* Products */;
					ProjectRef = 02A154CC1349C082007A061B /* Three20UINavigator.xcodeproj */;
				},
			);
			projectRoot = "";
			targets = (
				1D6058900D05DD3D006BFB54 /* iRedmine */,
			);
		};
/* End PBXProject section */

/* Begin PBXReferenceProxy section */
		0221309D138D0E6200558495 /* libextThree20XML.a */ = {
			isa = PBXReferenceProxy;
			fileType = archive.ar;
			path = libextThree20XML.a;
			remoteRef = 0221309C138D0E6200558495 /* PBXContainerItemProxy */;
			sourceTree = BUILT_PRODUCTS_DIR;
		};
		0221309F138D0E6200558495 /* extJSONUnitTests.octest */ = {
			isa = PBXReferenceProxy;
			fileType = wrapper.cfbundle;
			path = extJSONUnitTests.octest;
			remoteRef = 0221309E138D0E6200558495 /* PBXContainerItemProxy */;
			sourceTree = BUILT_PRODUCTS_DIR;
		};
		02A1549C1349C04F007A061B /* libThree20.a */ = {
			isa = PBXReferenceProxy;
			fileType = archive.ar;
			path = libThree20.a;
			remoteRef = 02A1549B1349C04F007A061B /* PBXContainerItemProxy */;
			sourceTree = BUILT_PRODUCTS_DIR;
		};
		02A1549E1349C04F007A061B /* Three20UnitTests.octest */ = {
			isa = PBXReferenceProxy;
			fileType = wrapper.cfbundle;
			path = Three20UnitTests.octest;
			remoteRef = 02A1549D1349C04F007A061B /* PBXContainerItemProxy */;
			sourceTree = BUILT_PRODUCTS_DIR;
		};
		02A154A51349C058007A061B /* libThree20Core.a */ = {
			isa = PBXReferenceProxy;
			fileType = archive.ar;
			path = libThree20Core.a;
			remoteRef = 02A154A41349C058007A061B /* PBXContainerItemProxy */;
			sourceTree = BUILT_PRODUCTS_DIR;
		};
		02A154A71349C058007A061B /* CoreUnitTests.octest */ = {
			isa = PBXReferenceProxy;
			fileType = wrapper.cfbundle;
			path = CoreUnitTests.octest;
			remoteRef = 02A154A61349C058007A061B /* PBXContainerItemProxy */;
			sourceTree = BUILT_PRODUCTS_DIR;
		};
		02A154AE1349C060007A061B /* libThree20Network.a */ = {
			isa = PBXReferenceProxy;
			fileType = archive.ar;
			path = libThree20Network.a;
			remoteRef = 02A154AD1349C060007A061B /* PBXContainerItemProxy */;
			sourceTree = BUILT_PRODUCTS_DIR;
		};
		02A154B01349C060007A061B /* NetworkUnitTests.octest */ = {
			isa = PBXReferenceProxy;
			fileType = wrapper.cfbundle;
			path = NetworkUnitTests.octest;
			remoteRef = 02A154AF1349C060007A061B /* PBXContainerItemProxy */;
			sourceTree = BUILT_PRODUCTS_DIR;
		};
		02A154B71349C068007A061B /* libThree20Style.a */ = {
			isa = PBXReferenceProxy;
			fileType = archive.ar;
			path = libThree20Style.a;
			remoteRef = 02A154B61349C068007A061B /* PBXContainerItemProxy */;
			sourceTree = BUILT_PRODUCTS_DIR;
		};
		02A154B91349C068007A061B /* StyleUnitTests.octest */ = {
			isa = PBXReferenceProxy;
			fileType = wrapper.cfbundle;
			path = StyleUnitTests.octest;
			remoteRef = 02A154B81349C068007A061B /* PBXContainerItemProxy */;
			sourceTree = BUILT_PRODUCTS_DIR;
		};
		02A154C01349C071007A061B /* libThree20UI.a */ = {
			isa = PBXReferenceProxy;
			fileType = archive.ar;
			path = libThree20UI.a;
			remoteRef = 02A154BF1349C071007A061B /* PBXContainerItemProxy */;
			sourceTree = BUILT_PRODUCTS_DIR;
		};
		02A154C21349C071007A061B /* UIUnitTests.octest */ = {
			isa = PBXReferenceProxy;
			fileType = wrapper.cfbundle;
			path = UIUnitTests.octest;
			remoteRef = 02A154C11349C071007A061B /* PBXContainerItemProxy */;
			sourceTree = BUILT_PRODUCTS_DIR;
		};
		02A154C91349C079007A061B /* libThree20UICommon.a */ = {
			isa = PBXReferenceProxy;
			fileType = archive.ar;
			path = libThree20UICommon.a;
			remoteRef = 02A154C81349C079007A061B /* PBXContainerItemProxy */;
			sourceTree = BUILT_PRODUCTS_DIR;
		};
		02A154CB1349C079007A061B /* UICommonUnitTests.octest */ = {
			isa = PBXReferenceProxy;
			fileType = wrapper.cfbundle;
			path = UICommonUnitTests.octest;
			remoteRef = 02A154CA1349C079007A061B /* PBXContainerItemProxy */;
			sourceTree = BUILT_PRODUCTS_DIR;
		};
		02A154D21349C082007A061B /* libThree20UINavigator.a */ = {
			isa = PBXReferenceProxy;
			fileType = archive.ar;
			path = libThree20UINavigator.a;
			remoteRef = 02A154D11349C082007A061B /* PBXContainerItemProxy */;
			sourceTree = BUILT_PRODUCTS_DIR;
		};
		02A154D41349C082007A061B /* UINavigatorUnitTests.octest */ = {
			isa = PBXReferenceProxy;
			fileType = wrapper.cfbundle;
			path = UINavigatorUnitTests.octest;
			remoteRef = 02A154D31349C082007A061B /* PBXContainerItemProxy */;
			sourceTree = BUILT_PRODUCTS_DIR;
		};
/* End PBXReferenceProxy section */

/* Begin PBXResourcesBuildPhase section */
		1D60588D0D05DD3D006BFB54 /* Resources */ = {
			isa = PBXResourcesBuildPhase;
			buildActionMask = 2147483647;
			files = (
				0252E06410CD3E36003881B2 /* AccountView.xib in Resources */,
				02A8B04C0F98D6830077AB7F /* Icon.png in Resources */,
				02434FCC1030847600C62C58 /* Default.png in Resources */,
				0203D7C010358BCE005E98F4 /* Entitlements.plist in Resources */,
				0231286210BEE1310097675F /* Localizable.strings in Resources */,
				023DE6D21353233700C8285F /* Changelog.txt in Resources */,
				F8FAA3B512A40C390001996C /* Default@2x.png in Resources */,
				F8FAA3BB12A40C390001996C /* Icon@2x.png in Resources */,
				028CFEFA12AD3AFF003FEC85 /* feature@2x.png in Resources */,
				028CFEFC12AD3B0B003FEC85 /* revision@2x.png in Resources */,
				028CFEFE12AD3B13003FEC85 /* error@2x.png in Resources */,
				028CFF0012AD3B1A003FEC85 /* support@2x.png in Resources */,
				028CFF0B12AD3C9C003FEC85 /* feature.png in Resources */,
				028CFF0D12AD3CA4003FEC85 /* revision.png in Resources */,
				028CFF1112AD3CB4003FEC85 /* support.png in Resources */,
				028CFF1312AD3CBA003FEC85 /* error.png in Resources */,
				02A154461349C03F007A061B /* Three20.bundle in Resources */,
			);
			runOnlyForDeploymentPostprocessing = 0;
		};
/* End PBXResourcesBuildPhase section */

/* Begin PBXSourcesBuildPhase section */
		1D60588E0D05DD3D006BFB54 /* Sources */ = {
			isa = PBXSourcesBuildPhase;
			buildActionMask = 2147483647;
			files = (
				1D60589B0D05DD56006BFB54 /* main.m in Sources */,
				1D3623260D0F684500981E51 /* iRedmineAppDelegate.m in Sources */,
				28C286E10D94DF7D0034E888 /* AccountsViewController.m in Sources */,
				0222E7EF0F8D3D5000445AAD /* AccountAddViewController.m in Sources */,
				02D86C590F8E75F400EB1658 /* NSDateAdditions.m in Sources */,
				023218E20F94DE2100A95381 /* ProjectViewController.m in Sources */,
				0278ED5C0F9E40CA000E8EED /* AccountViewController.m in Sources */,
				0231293410BEF65E0097675F /* Reachability.m in Sources */,
				024FDE9E10C676EB001FD4CD /* NSStringAdditions.m in Sources */,
				0252E07710CD4913003881B2 /* CSRegex.m in Sources */,
				026A372B11A34849003A6F9A /* ASIAuthenticationDialog.m in Sources */,
				026A372C11A34849003A6F9A /* ASIFormDataRequest.m in Sources */,
				026A372D11A34849003A6F9A /* ASIHTTPRequest.m in Sources */,
				026A373011A34849003A6F9A /* ASINSStringAdditions.m in Sources */,
				026A373711A34871003A6F9A /* TFHpple.m in Sources */,
				026A373811A34871003A6F9A /* TFHppleElement.m in Sources */,
				026A373911A34871003A6F9A /* XPathQuery.m in Sources */,
				026A376111A34C11003A6F9A /* ASINetworkQueue.m in Sources */,
				026A377411A34FA7003A6F9A /* ASIInputStream.m in Sources */,
				02C7769F11B6B1C900F10BC3 /* Login.m in Sources */,
				0278982C1349E91700F678AB /* iRedmineStyleSheet.m in Sources */,
				02936956134B23AC00DF334F /* IssueTableController.m in Sources */,
				02936A79134B5A5200DF334F /* BaseViewController.m in Sources */,
				02936AF4134B66C500DF334F /* BaseTableViewController.m in Sources */,
				02936B18134B689B00DF334F /* IssueAddViewController.m in Sources */,
				02F6D4F1134DBC6B00154008 /* AccountsDataSource.m in Sources */,
				02F6D79C134E0A0D00154008 /* AccountEditViewController.m in Sources */,
				02EB33201358AC8E00B18895 /* StoreViewController.m in Sources */,
				02E18E4A138BB84200639A5D /* RESTRequest.m in Sources */,
				022130E4138D463100558495 /* NSURLProtectionSpaceAdditions.m in Sources */,
				02899D951393DE8400C013FE /* Account.m in Sources */,
				02899E1A1393F70E00C013FE /* NSURLAdditions.m in Sources */,
				02014A1D1396680000C9C02C /* AtomFeed.m in Sources */,
				0206812813B0BF43002F1B0F /* ProjectAddViewController.m in Sources */,
			);
			runOnlyForDeploymentPostprocessing = 0;
		};
/* End PBXSourcesBuildPhase section */

/* Begin PBXTargetDependency section */
		022130A7138D0E8900558495 /* PBXTargetDependency */ = {
			isa = PBXTargetDependency;
			name = extThree20XML;
			targetProxy = 022130A6138D0E8900558495 /* PBXContainerItemProxy */;
		};
		02A154E01349C155007A061B /* PBXTargetDependency */ = {
			isa = PBXTargetDependency;
			name = Three20UI;
			targetProxy = 02A154DF1349C155007A061B /* PBXContainerItemProxy */;
		};
		02A154E21349C155007A061B /* PBXTargetDependency */ = {
			isa = PBXTargetDependency;
			name = Three20Core;
			targetProxy = 02A154E11349C155007A061B /* PBXContainerItemProxy */;
		};
		02A154E41349C155007A061B /* PBXTargetDependency */ = {
			isa = PBXTargetDependency;
			name = Three20Style;
			targetProxy = 02A154E31349C155007A061B /* PBXContainerItemProxy */;
		};
		02A154E61349C155007A061B /* PBXTargetDependency */ = {
			isa = PBXTargetDependency;
			name = Three20UINavigator;
			targetProxy = 02A154E51349C155007A061B /* PBXContainerItemProxy */;
		};
		02A154E81349C155007A061B /* PBXTargetDependency */ = {
			isa = PBXTargetDependency;
			name = Three20UICommon;
			targetProxy = 02A154E71349C155007A061B /* PBXContainerItemProxy */;
		};
		02A154EA1349C155007A061B /* PBXTargetDependency */ = {
			isa = PBXTargetDependency;
			name = Three20Network;
			targetProxy = 02A154E91349C155007A061B /* PBXContainerItemProxy */;
		};
		02A154EC1349C155007A061B /* PBXTargetDependency */ = {
			isa = PBXTargetDependency;
			name = Three20;
			targetProxy = 02A154EB1349C155007A061B /* PBXContainerItemProxy */;
		};
/* End PBXTargetDependency section */

/* Begin PBXVariantGroup section */
		0231286110BEE1310097675F /* Localizable.strings */ = {
			isa = PBXVariantGroup;
			children = (
				0231285F10BEE12A0097675F /* English */,
				0252E02110CD304C003881B2 /* German */,
			);
			name = Localizable.strings;
			sourceTree = "<group>";
		};
		023DE6D11353233700C8285F /* Changelog.txt */ = {
			isa = PBXVariantGroup;
			children = (
				022ABE9710C020880023AD77 /* English */,
				023DE6D31353234600C8285F /* German */,
			);
			name = Changelog.txt;
			sourceTree = "<group>";
		};
		0252E06310CD3E36003881B2 /* AccountView.xib */ = {
			isa = PBXVariantGroup;
			children = (
				0222E7FA0F8D3EC700445AAD /* English */,
				0252E06610CD3E3B003881B2 /* German */,
			);
			name = AccountView.xib;
			sourceTree = "<group>";
		};
/* End PBXVariantGroup section */

/* Begin XCBuildConfiguration section */
		0203D7AB10358AC5005E98F4 /* Distribution */ = {
			isa = XCBuildConfiguration;
			buildSettings = {
				ARCHS = "$(ARCHS_UNIVERSAL_IPHONE_OS)";
				CODE_SIGN_ENTITLEMENTS = Entitlements.plist;
				"CODE_SIGN_IDENTITY[sdk=iphoneos*]" = "iPhone Distribution: Weisshuhn & Weishuhn Kommunikationsmanagement GmbH";
				GCC_C_LANGUAGE_STANDARD = c99;
				GCC_WARN_ABOUT_RETURN_TYPE = YES;
				GCC_WARN_UNUSED_VARIABLE = YES;
				HEADER_SEARCH_PATHS = "";
				OTHER_LDFLAGS = "-ObjC";
				PREBINDING = NO;
				"PROVISIONING_PROFILE[sdk=iphoneos*]" = "AB410D2A-D8B2-42D3-A7E3-71AD77645131";
				SDKROOT = iphoneos4.2;
				USER_HEADER_SEARCH_PATHS = "";
			};
			name = Distribution;
		};
		0203D7AC10358AC5005E98F4 /* Distribution */ = {
			isa = XCBuildConfiguration;
			buildSettings = {
				ALWAYS_SEARCH_USER_PATHS = NO;
				ARCHS = "$(ARCHS_STANDARD_32_BIT)";
				CODE_SIGN_ENTITLEMENTS = Entitlements.plist;
				"CODE_SIGN_IDENTITY[sdk=iphoneos*]" = "iPhone Distribution: Weisshuhn & Weishuhn Kommunikationsmanagement GmbH";
				COPY_PHASE_STRIP = YES;
				GCC_PRECOMPILE_PREFIX_HEADER = YES;
				GCC_PREFIX_HEADER = iRedmine_Prefix.pch;
				HEADER_SEARCH_PATHS = (
					"External/three20/Build/Products/three20/**",
					"${SDKROOT}/usr/include/libxml2/**",
				);
				INFOPLIST_FILE = Info.plist;
				IPHONEOS_DEPLOYMENT_TARGET = 4.0;
				OTHER_LDFLAGS = (
					"-ObjC",
					"-all_load",
				);
				PRODUCT_NAME = iRedmine;
				"PROVISIONING_PROFILE[sdk=iphoneos*]" = "76AF09CC-1D0B-49BA-BDD2-8986FBAE9C4D";
				SDKROOT = iphoneos;
			};
			name = Distribution;
		};
		1D6058940D05DD3E006BFB54 /* Debug */ = {
			isa = XCBuildConfiguration;
			buildSettings = {
				ALWAYS_SEARCH_USER_PATHS = NO;
				CODE_SIGN_ENTITLEMENTS = "";
				CODE_SIGN_IDENTITY = "";
				"CODE_SIGN_IDENTITY[sdk=iphoneos*]" = "iPhone Developer: Thomas Stägemann (87FR8M6JK4)";
				COPY_PHASE_STRIP = NO;
				GCC_DYNAMIC_NO_PIC = NO;
				GCC_OPTIMIZATION_LEVEL = 0;
				GCC_PRECOMPILE_PREFIX_HEADER = YES;
				GCC_PREFIX_HEADER = iRedmine_Prefix.pch;
				HEADER_SEARCH_PATHS = (
					"External/three20/Build/Products/three20/**",
					"${SDKROOT}/usr/include/libxml2/**",
				);
				INFOPLIST_FILE = Info.plist;
				IPHONEOS_DEPLOYMENT_TARGET = 4.0;
				OTHER_LDFLAGS = (
					"-ObjC",
					"-all_load",
				);
				PRODUCT_NAME = iRedmine;
				"PROVISIONING_PROFILE[sdk=iphoneos*]" = "64095727-95C4-455E-BC2C-60044C7CCE27";
				SDKROOT = iphoneos;
			};
			name = Debug;
		};
		1D6058950D05DD3E006BFB54 /* Release */ = {
			isa = XCBuildConfiguration;
			buildSettings = {
				ALWAYS_SEARCH_USER_PATHS = NO;
				ARCHS = "$(ARCHS_STANDARD_32_BIT)";
				CODE_SIGN_ENTITLEMENTS = "";
				CODE_SIGN_IDENTITY = "";
				"CODE_SIGN_IDENTITY[sdk=iphoneos*]" = "iPhone Distribution: Weisshuhn & Weishuhn Kommunikationsmanagement GmbH";
				COPY_PHASE_STRIP = YES;
				GCC_PRECOMPILE_PREFIX_HEADER = YES;
				GCC_PREFIX_HEADER = iRedmine_Prefix.pch;
				HEADER_SEARCH_PATHS = (
					"External/three20/Build/Products/three20/**",
					"${SDKROOT}/usr/include/libxml2/**",
				);
				INFOPLIST_FILE = Info.plist;
				IPHONEOS_DEPLOYMENT_TARGET = 4.0;
				OTHER_LDFLAGS = (
					"-ObjC",
					"-all_load",
				);
				PRODUCT_NAME = iRedmine;
				"PROVISIONING_PROFILE[sdk=iphoneos*]" = "76AF09CC-1D0B-49BA-BDD2-8986FBAE9C4D";
				SDKROOT = iphoneos;
			};
			name = Release;
		};
		C01FCF4F08A954540054247B /* Debug */ = {
			isa = XCBuildConfiguration;
			buildSettings = {
				ARCHS = "$(ARCHS_UNIVERSAL_IPHONE_OS)";
				"CODE_SIGN_IDENTITY[sdk=iphoneos*]" = "iPhone Developer";
				GCC_C_LANGUAGE_STANDARD = c99;
				GCC_WARN_ABOUT_RETURN_TYPE = YES;
				GCC_WARN_UNUSED_VARIABLE = YES;
				HEADER_SEARCH_PATHS = "${SDKROOT}/usr/include/libxml2/**";
				LIBRARY_SEARCH_PATHS = "";
				ONLY_ACTIVE_ARCH = YES;
				OTHER_LDFLAGS = "-lxml2";
				PREBINDING = NO;
				SDKROOT = iphoneos4.2;
			};
			name = Debug;
		};
		C01FCF5008A954540054247B /* Release */ = {
			isa = XCBuildConfiguration;
			buildSettings = {
				ARCHS = "$(ARCHS_UNIVERSAL_IPHONE_OS)";
				"CODE_SIGN_IDENTITY[sdk=iphoneos*]" = "iPhone Developer";
				GCC_C_LANGUAGE_STANDARD = c99;
				GCC_WARN_ABOUT_RETURN_TYPE = YES;
				GCC_WARN_UNUSED_VARIABLE = YES;
				HEADER_SEARCH_PATHS = "${SDKROOT}/usr/include/libxml2/**";
				OTHER_LDFLAGS = (
					"-lxml2",
					"-ObjC",
				);
				PREBINDING = NO;
				SDKROOT = iphoneos4.2;
				USER_HEADER_SEARCH_PATHS = "";
			};
			name = Release;
		};
/* End XCBuildConfiguration section */

/* Begin XCConfigurationList section */
		1D6058960D05DD3E006BFB54 /* Build configuration list for PBXNativeTarget "iRedmine" */ = {
			isa = XCConfigurationList;
			buildConfigurations = (
				1D6058940D05DD3E006BFB54 /* Debug */,
				1D6058950D05DD3E006BFB54 /* Release */,
				0203D7AC10358AC5005E98F4 /* Distribution */,
			);
			defaultConfigurationIsVisible = 0;
			defaultConfigurationName = Release;
		};
		C01FCF4E08A954540054247B /* Build configuration list for PBXProject "iRedmine" */ = {
			isa = XCConfigurationList;
			buildConfigurations = (
				C01FCF4F08A954540054247B /* Debug */,
				C01FCF5008A954540054247B /* Release */,
				0203D7AB10358AC5005E98F4 /* Distribution */,
			);
			defaultConfigurationIsVisible = 0;
			defaultConfigurationName = Release;
		};
/* End XCConfigurationList section */
	};
	rootObject = 29B97313FDCFA39411CA2CEA /* Project object */;
}
